// !$*UTF8*$!
{
	archiveVersion = 1;
	classes = {
	};
	objectVersion = 55;
	objects = {

/* Begin PBXBuildFile section */
		FCEBF0E328CE0B500008F667 /* guesswordApp.swift in Sources */ = {isa = PBXBuildFile; fileRef = FCEBF0E228CE0B500008F667 /* guesswordApp.swift */; };
		FCEBF0E528CE0B500008F667 /* ContentView.swift in Sources */ = {isa = PBXBuildFile; fileRef = FCEBF0E428CE0B500008F667 /* ContentView.swift */; };
		FCEBF0E728CE0B540008F667 /* Assets.xcassets in Resources */ = {isa = PBXBuildFile; fileRef = FCEBF0E628CE0B540008F667 /* Assets.xcassets */; };
		FCEBF0EA28CE0B540008F667 /* Preview Assets.xcassets in Resources */ = {isa = PBXBuildFile; fileRef = FCEBF0E928CE0B540008F667 /* Preview Assets.xcassets */; };
		FCEBF0F428CE0B540008F667 /* guesswordTests.swift in Sources */ = {isa = PBXBuildFile; fileRef = FCEBF0F328CE0B540008F667 /* guesswordTests.swift */; };
		FCEBF0FE28CE0B540008F667 /* guesswordUITests.swift in Sources */ = {isa = PBXBuildFile; fileRef = FCEBF0FD28CE0B540008F667 /* guesswordUITests.swift */; };
		FCEBF10028CE0B540008F667 /* guesswordUITestsLaunchTests.swift in Sources */ = {isa = PBXBuildFile; fileRef = FCEBF0FF28CE0B540008F667 /* guesswordUITestsLaunchTests.swift */; };
/* End PBXBuildFile section */

/* Begin PBXContainerItemProxy section */
		FCEBF0F028CE0B540008F667 /* PBXContainerItemProxy */ = {
			isa = PBXContainerItemProxy;
			containerPortal = FCEBF0D728CE0B500008F667 /* Project object */;
			proxyType = 1;
			remoteGlobalIDString = FCEBF0DE28CE0B500008F667;
			remoteInfo = guessword;
		};
		FCEBF0FA28CE0B540008F667 /* PBXContainerItemProxy */ = {
			isa = PBXContainerItemProxy;
			containerPortal = FCEBF0D728CE0B500008F667 /* Project object */;
			proxyType = 1;
			remoteGlobalIDString = FCEBF0DE28CE0B500008F667;
			remoteInfo = guessword;
		};
/* End PBXContainerItemProxy section */

/* Begin PBXFileReference section */
		FCEBF0DF28CE0B500008F667 /* guessword.app */ = {isa = PBXFileReference; explicitFileType = wrapper.application; includeInIndex = 0; path = guessword.app; sourceTree = BUILT_PRODUCTS_DIR; };
		FCEBF0E228CE0B500008F667 /* guesswordApp.swift */ = {isa = PBXFileReference; lastKnownFileType = sourcecode.swift; path = guesswordApp.swift; sourceTree = "<group>"; };
		FCEBF0E428CE0B500008F667 /* ContentView.swift */ = {isa = PBXFileReference; lastKnownFileType = sourcecode.swift; path = ContentView.swift; sourceTree = "<group>"; };
		FCEBF0E628CE0B540008F667 /* Assets.xcassets */ = {isa = PBXFileReference; lastKnownFileType = folder.assetcatalog; path = Assets.xcassets; sourceTree = "<group>"; };
		FCEBF0E928CE0B540008F667 /* Preview Assets.xcassets */ = {isa = PBXFileReference; lastKnownFileType = folder.assetcatalog; path = "Preview Assets.xcassets"; sourceTree = "<group>"; };
		FCEBF0EF28CE0B540008F667 /* guesswordTests.xctest */ = {isa = PBXFileReference; explicitFileType = wrapper.cfbundle; includeInIndex = 0; path = guesswordTests.xctest; sourceTree = BUILT_PRODUCTS_DIR; };
		FCEBF0F328CE0B540008F667 /* guesswordTests.swift */ = {isa = PBXFileReference; lastKnownFileType = sourcecode.swift; path = guesswordTests.swift; sourceTree = "<group>"; };
		FCEBF0F928CE0B540008F667 /* guesswordUITests.xctest */ = {isa = PBXFileReference; explicitFileType = wrapper.cfbundle; includeInIndex = 0; path = guesswordUITests.xctest; sourceTree = BUILT_PRODUCTS_DIR; };
		FCEBF0FD28CE0B540008F667 /* guesswordUITests.swift */ = {isa = PBXFileReference; lastKnownFileType = sourcecode.swift; path = guesswordUITests.swift; sourceTree = "<group>"; };
		FCEBF0FF28CE0B540008F667 /* guesswordUITestsLaunchTests.swift */ = {isa = PBXFileReference; lastKnownFileType = sourcecode.swift; path = guesswordUITestsLaunchTests.swift; sourceTree = "<group>"; };
/* End PBXFileReference section */

/* Begin PBXFrameworksBuildPhase section */
		FCEBF0DC28CE0B500008F667 /* Frameworks */ = {
			isa = PBXFrameworksBuildPhase;
			buildActionMask = 2147483647;
			files = (
			);
			runOnlyForDeploymentPostprocessing = 0;
		};
		FCEBF0EC28CE0B540008F667 /* Frameworks */ = {
			isa = PBXFrameworksBuildPhase;
			buildActionMask = 2147483647;
			files = (
			);
			runOnlyForDeploymentPostprocessing = 0;
		};
		FCEBF0F628CE0B540008F667 /* Frameworks */ = {
			isa = PBXFrameworksBuildPhase;
			buildActionMask = 2147483647;
			files = (
			);
			runOnlyForDeploymentPostprocessing = 0;
		};
/* End PBXFrameworksBuildPhase section */

/* Begin PBXGroup section */
		FCEBF0D628CE0B500008F667 = {
			isa = PBXGroup;
			children = (
				FCEBF0E128CE0B500008F667 /* guessword */,
				FCEBF0F228CE0B540008F667 /* guesswordTests */,
				FCEBF0FC28CE0B540008F667 /* guesswordUITests */,
				FCEBF0E028CE0B500008F667 /* Products */,
			);
			sourceTree = "<group>";
		};
		FCEBF0E028CE0B500008F667 /* Products */ = {
			isa = PBXGroup;
			children = (
				FCEBF0DF28CE0B500008F667 /* guessword.app */,
				FCEBF0EF28CE0B540008F667 /* guesswordTests.xctest */,
				FCEBF0F928CE0B540008F667 /* guesswordUITests.xctest */,
			);
			name = Products;
			sourceTree = "<group>";
		};
		FCEBF0E128CE0B500008F667 /* guessword */ = {
			isa = PBXGroup;
			children = (
				FCEBF0E228CE0B500008F667 /* guesswordApp.swift */,
				FCEBF0E428CE0B500008F667 /* ContentView.swift */,
				FCEBF0E628CE0B540008F667 /* Assets.xcassets */,
				FCEBF0E828CE0B540008F667 /* Preview Content */,
			);
			path = guessword;
			sourceTree = "<group>";
		};
		FCEBF0E828CE0B540008F667 /* Preview Content */ = {
			isa = PBXGroup;
			children = (
				FCEBF0E928CE0B540008F667 /* Preview Assets.xcassets */,
			);
			path = "Preview Content";
			sourceTree = "<group>";
		};
		FCEBF0F228CE0B540008F667 /* guesswordTests */ = {
			isa = PBXGroup;
			children = (
				FCEBF0F328CE0B540008F667 /* guesswordTests.swift */,
			);
			path = guesswordTests;
			sourceTree = "<group>";
		};
		FCEBF0FC28CE0B540008F667 /* guesswordUITests */ = {
			isa = PBXGroup;
			children = (
				FCEBF0FD28CE0B540008F667 /* guesswordUITests.swift */,
				FCEBF0FF28CE0B540008F667 /* guesswordUITestsLaunchTests.swift */,
			);
			path = guesswordUITests;
			sourceTree = "<group>";
		};
/* End PBXGroup section */

/* Begin PBXNativeTarget section */
		FCEBF0DE28CE0B500008F667 /* guessword */ = {
			isa = PBXNativeTarget;
			buildConfigurationList = FCEBF10328CE0B540008F667 /* Build configuration list for PBXNativeTarget "guessword" */;
			buildPhases = (
				FCEBF0DB28CE0B500008F667 /* Sources */,
				FCEBF0DC28CE0B500008F667 /* Frameworks */,
				FCEBF0DD28CE0B500008F667 /* Resources */,
			);
			buildRules = (
			);
			dependencies = (
			);
			name = guessword;
			productName = guessword;
			productReference = FCEBF0DF28CE0B500008F667 /* guessword.app */;
			productType = "com.apple.product-type.application";
		};
		FCEBF0EE28CE0B540008F667 /* guesswordTests */ = {
			isa = PBXNativeTarget;
			buildConfigurationList = FCEBF10628CE0B540008F667 /* Build configuration list for PBXNativeTarget "guesswordTests" */;
			buildPhases = (
				FCEBF0EB28CE0B540008F667 /* Sources */,
				FCEBF0EC28CE0B540008F667 /* Frameworks */,
				FCEBF0ED28CE0B540008F667 /* Resources */,
			);
			buildRules = (
			);
			dependencies = (
				FCEBF0F128CE0B540008F667 /* PBXTargetDependency */,
			);
			name = guesswordTests;
			productName = guesswordTests;
			productReference = FCEBF0EF28CE0B540008F667 /* guesswordTests.xctest */;
			productType = "com.apple.product-type.bundle.unit-test";
		};
		FCEBF0F828CE0B540008F667 /* guesswordUITests */ = {
			isa = PBXNativeTarget;
			buildConfigurationList = FCEBF10928CE0B540008F667 /* Build configuration list for PBXNativeTarget "guesswordUITests" */;
			buildPhases = (
				FCEBF0F528CE0B540008F667 /* Sources */,
				FCEBF0F628CE0B540008F667 /* Frameworks */,
				FCEBF0F728CE0B540008F667 /* Resources */,
			);
			buildRules = (
			);
			dependencies = (
				FCEBF0FB28CE0B540008F667 /* PBXTargetDependency */,
			);
			name = guesswordUITests;
			productName = guesswordUITests;
			productReference = FCEBF0F928CE0B540008F667 /* guesswordUITests.xctest */;
			productType = "com.apple.product-type.bundle.ui-testing";
		};
/* End PBXNativeTarget section */

/* Begin PBXProject section */
		FCEBF0D728CE0B500008F667 /* Project object */ = {
			isa = PBXProject;
			attributes = {
				BuildIndependentTargetsInParallel = 1;
				LastSwiftUpdateCheck = 1340;
				LastUpgradeCheck = 1340;
				TargetAttributes = {
					FCEBF0DE28CE0B500008F667 = {
						CreatedOnToolsVersion = 13.4.1;
					};
					FCEBF0EE28CE0B540008F667 = {
						CreatedOnToolsVersion = 13.4.1;
						TestTargetID = FCEBF0DE28CE0B500008F667;
					};
					FCEBF0F828CE0B540008F667 = {
						CreatedOnToolsVersion = 13.4.1;
						TestTargetID = FCEBF0DE28CE0B500008F667;
					};
				};
			};
			buildConfigurationList = FCEBF0DA28CE0B500008F667 /* Build configuration list for PBXProject "guessword" */;
			compatibilityVersion = "Xcode 13.0";
			developmentRegion = en;
			hasScannedForEncodings = 0;
			knownRegions = (
				en,
				Base,
			);
			mainGroup = FCEBF0D628CE0B500008F667;
			productRefGroup = FCEBF0E028CE0B500008F667 /* Products */;
			projectDirPath = "";
			projectRoot = "";
			targets = (
				FCEBF0DE28CE0B500008F667 /* guessword */,
				FCEBF0EE28CE0B540008F667 /* guesswordTests */,
				FCEBF0F828CE0B540008F667 /* guesswordUITests */,
			);
		};
/* End PBXProject section */

/* Begin PBXResourcesBuildPhase section */
		FCEBF0DD28CE0B500008F667 /* Resources */ = {
			isa = PBXResourcesBuildPhase;
			buildActionMask = 2147483647;
			files = (
				FCEBF0EA28CE0B540008F667 /* Preview Assets.xcassets in Resources */,
				FCEBF0E728CE0B540008F667 /* Assets.xcassets in Resources */,
			);
			runOnlyForDeploymentPostprocessing = 0;
		};
		FCEBF0ED28CE0B540008F667 /* Resources */ = {
			isa = PBXResourcesBuildPhase;
			buildActionMask = 2147483647;
			files = (
			);
			runOnlyForDeploymentPostprocessing = 0;
		};
		FCEBF0F728CE0B540008F667 /* Resources */ = {
			isa = PBXResourcesBuildPhase;
			buildActionMask = 2147483647;
			files = (
			);
			runOnlyForDeploymentPostprocessing = 0;
		};
/* End PBXResourcesBuildPhase section */

/* Begin PBXSourcesBuildPhase section */
		FCEBF0DB28CE0B500008F667 /* Sources */ = {
			isa = PBXSourcesBuildPhase;
			buildActionMask = 2147483647;
			files = (
				FCEBF0E528CE0B500008F667 /* ContentView.swift in Sources */,
				FCEBF0E328CE0B500008F667 /* guesswordApp.swift in Sources */,
			);
			runOnlyForDeploymentPostprocessing = 0;
		};
		FCEBF0EB28CE0B540008F667 /* Sources */ = {
			isa = PBXSourcesBuildPhase;
			buildActionMask = 2147483647;
			files = (
				FCEBF0F428CE0B540008F667 /* guesswordTests.swift in Sources */,
			);
			runOnlyForDeploymentPostprocessing = 0;
		};
		FCEBF0F528CE0B540008F667 /* Sources */ = {
			isa = PBXSourcesBuildPhase;
			buildActionMask = 2147483647;
			files = (
				FCEBF10028CE0B540008F667 /* guesswordUITestsLaunchTests.swift in Sources */,
				FCEBF0FE28CE0B540008F667 /* guesswordUITests.swift in Sources */,
			);
			runOnlyForDeploymentPostprocessing = 0;
		};
/* End PBXSourcesBuildPhase section */

/* Begin PBXTargetDependency section */
		FCEBF0F128CE0B540008F667 /* PBXTargetDependency */ = {
			isa = PBXTargetDependency;
			target = FCEBF0DE28CE0B500008F667 /* guessword */;
			targetProxy = FCEBF0F028CE0B540008F667 /* PBXContainerItemProxy */;
		};
		FCEBF0FB28CE0B540008F667 /* PBXTargetDependency */ = {
			isa = PBXTargetDependency;
			target = FCEBF0DE28CE0B500008F667 /* guessword */;
			targetProxy = FCEBF0FA28CE0B540008F667 /* PBXContainerItemProxy */;
		};
/* End PBXTargetDependency section */

/* Begin XCBuildConfiguration section */
		FCEBF10128CE0B540008F667 /* Debug */ = {
			isa = XCBuildConfiguration;
			buildSettings = {
				ALWAYS_SEARCH_USER_PATHS = NO;
				CLANG_ANALYZER_NONNULL = YES;
				CLANG_ANALYZER_NUMBER_OBJECT_CONVERSION = YES_AGGRESSIVE;
				CLANG_CXX_LANGUAGE_STANDARD = "gnu++17";
				CLANG_ENABLE_MODULES = YES;
				CLANG_ENABLE_OBJC_ARC = YES;
				CLANG_ENABLE_OBJC_WEAK = YES;
				CLANG_WARN_BLOCK_CAPTURE_AUTORELEASING = YES;
				CLANG_WARN_BOOL_CONVERSION = YES;
				CLANG_WARN_COMMA = YES;
				CLANG_WARN_CONSTANT_CONVERSION = YES;
				CLANG_WARN_DEPRECATED_OBJC_IMPLEMENTATIONS = YES;
				CLANG_WARN_DIRECT_OBJC_ISA_USAGE = YES_ERROR;
				CLANG_WARN_DOCUMENTATION_COMMENTS = YES;
				CLANG_WARN_EMPTY_BODY = YES;
				CLANG_WARN_ENUM_CONVERSION = YES;
				CLANG_WARN_INFINITE_RECURSION = YES;
				CLANG_WARN_INT_CONVERSION = YES;
				CLANG_WARN_NON_LITERAL_NULL_CONVERSION = YES;
				CLANG_WARN_OBJC_IMPLICIT_RETAIN_SELF = YES;
				CLANG_WARN_OBJC_LITERAL_CONVERSION = YES;
				CLANG_WARN_OBJC_ROOT_CLASS = YES_ERROR;
				CLANG_WARN_QUOTED_INCLUDE_IN_FRAMEWORK_HEADER = YES;
				CLANG_WARN_RANGE_LOOP_ANALYSIS = YES;
				CLANG_WARN_STRICT_PROTOTYPES = YES;
				CLANG_WARN_SUSPICIOUS_MOVE = YES;
				CLANG_WARN_UNGUARDED_AVAILABILITY = YES_AGGRESSIVE;
				CLANG_WARN_UNREACHABLE_CODE = YES;
				CLANG_WARN__DUPLICATE_METHOD_MATCH = YES;
				COPY_PHASE_STRIP = NO;
				DEBUG_INFORMATION_FORMAT = dwarf;
				ENABLE_STRICT_OBJC_MSGSEND = YES;
				ENABLE_TESTABILITY = YES;
				GCC_C_LANGUAGE_STANDARD = gnu11;
				GCC_DYNAMIC_NO_PIC = NO;
				GCC_NO_COMMON_BLOCKS = YES;
				GCC_OPTIMIZATION_LEVEL = 0;
				GCC_PREPROCESSOR_DEFINITIONS = (
					"DEBUG=1",
					"$(inherited)",
				);
				GCC_WARN_64_TO_32_BIT_CONVERSION = YES;
				GCC_WARN_ABOUT_RETURN_TYPE = YES_ERROR;
				GCC_WARN_UNDECLARED_SELECTOR = YES;
				GCC_WARN_UNINITIALIZED_AUTOS = YES_AGGRESSIVE;
				GCC_WARN_UNUSED_FUNCTION = YES;
				GCC_WARN_UNUSED_VARIABLE = YES;
				IPHONEOS_DEPLOYMENT_TARGET = 15.5;
				MTL_ENABLE_DEBUG_INFO = INCLUDE_SOURCE;
				MTL_FAST_MATH = YES;
				ONLY_ACTIVE_ARCH = YES;
				SDKROOT = iphoneos;
				SWIFT_ACTIVE_COMPILATION_CONDITIONS = DEBUG;
				SWIFT_OPTIMIZATION_LEVEL = "-Onone";
			};
			name = Debug;
		};
		FCEBF10228CE0B540008F667 /* Release */ = {
			isa = XCBuildConfiguration;
			buildSettings = {
				ALWAYS_SEARCH_USER_PATHS = NO;
				CLANG_ANALYZER_NONNULL = YES;
				CLANG_ANALYZER_NUMBER_OBJECT_CONVERSION = YES_AGGRESSIVE;
				CLANG_CXX_LANGUAGE_STANDARD = "gnu++17";
				CLANG_ENABLE_MODULES = YES;
				CLANG_ENABLE_OBJC_ARC = YES;
				CLANG_ENABLE_OBJC_WEAK = YES;
				CLANG_WARN_BLOCK_CAPTURE_AUTORELEASING = YES;
				CLANG_WARN_BOOL_CONVERSION = YES;
				CLANG_WARN_COMMA = YES;
				CLANG_WARN_CONSTANT_CONVERSION = YES;
				CLANG_WARN_DEPRECATED_OBJC_IMPLEMENTATIONS = YES;
				CLANG_WARN_DIRECT_OBJC_ISA_USAGE = YES_ERROR;
				CLANG_WARN_DOCUMENTATION_COMMENTS = YES;
				CLANG_WARN_EMPTY_BODY = YES;
				CLANG_WARN_ENUM_CONVERSION = YES;
				CLANG_WARN_INFINITE_RECURSION = YES;
				CLANG_WARN_INT_CONVERSION = YES;
				CLANG_WARN_NON_LITERAL_NULL_CONVERSION = YES;
				CLANG_WARN_OBJC_IMPLICIT_RETAIN_SELF = YES;
				CLANG_WARN_OBJC_LITERAL_CONVERSION = YES;
				CLANG_WARN_OBJC_ROOT_CLASS = YES_ERROR;
				CLANG_WARN_QUOTED_INCLUDE_IN_FRAMEWORK_HEADER = YES;
				CLANG_WARN_RANGE_LOOP_ANALYSIS = YES;
				CLANG_WARN_STRICT_PROTOTYPES = YES;
				CLANG_WARN_SUSPICIOUS_MOVE = YES;
				CLANG_WARN_UNGUARDED_AVAILABILITY = YES_AGGRESSIVE;
				CLANG_WARN_UNREACHABLE_CODE = YES;
				CLANG_WARN__DUPLICATE_METHOD_MATCH = YES;
				COPY_PHASE_STRIP = NO;
				DEBUG_INFORMATION_FORMAT = "dwarf-with-dsym";
				ENABLE_NS_ASSERTIONS = NO;
				ENABLE_STRICT_OBJC_MSGSEND = YES;
				GCC_C_LANGUAGE_STANDARD = gnu11;
				GCC_NO_COMMON_BLOCKS = YES;
				GCC_WARN_64_TO_32_BIT_CONVERSION = YES;
				GCC_WARN_ABOUT_RETURN_TYPE = YES_ERROR;
				GCC_WARN_UNDECLARED_SELECTOR = YES;
				GCC_WARN_UNINITIALIZED_AUTOS = YES_AGGRESSIVE;
				GCC_WARN_UNUSED_FUNCTION = YES;
				GCC_WARN_UNUSED_VARIABLE = YES;
				IPHONEOS_DEPLOYMENT_TARGET = 15.5;
				MTL_ENABLE_DEBUG_INFO = NO;
				MTL_FAST_MATH = YES;
				SDKROOT = iphoneos;
				SWIFT_COMPILATION_MODE = wholemodule;
				SWIFT_OPTIMIZATION_LEVEL = "-O";
				VALIDATE_PRODUCT = YES;
			};
			name = Release;
		};
		FCEBF10428CE0B540008F667 /* Debug */ = {
			isa = XCBuildConfiguration;
			buildSettings = {
				ASSETCATALOG_COMPILER_APPICON_NAME = AppIcon;
				ASSETCATALOG_COMPILER_GLOBAL_ACCENT_COLOR_NAME = AccentColor;
				CODE_SIGN_STYLE = Automatic;
				CURRENT_PROJECT_VERSION = 1;
				DEVELOPMENT_ASSET_PATHS = "\"guessword/Preview Content\"";
				ENABLE_PREVIEWS = YES;
				GENERATE_INFOPLIST_FILE = YES;
				INFOPLIST_KEY_UIApplicationSceneManifest_Generation = YES;
				INFOPLIST_KEY_UIApplicationSupportsIndirectInputEvents = YES;
				INFOPLIST_KEY_UILaunchScreen_Generation = YES;
				INFOPLIST_KEY_UISupportedInterfaceOrientations_iPad = "UIInterfaceOrientationPortrait UIInterfaceOrientationPortraitUpsideDown UIInterfaceOrientationLandscapeLeft UIInterfaceOrientationLandscapeRight";
				INFOPLIST_KEY_UISupportedInterfaceOrientations_iPhone = "UIInterfaceOrientationPortrait UIInterfaceOrientationLandscapeLeft UIInterfaceOrientationLandscapeRight";
				LD_RUNPATH_SEARCH_PATHS = (
					"$(inherited)",
					"@executable_path/Frameworks",
				);
				MARKETING_VERSION = 1.0;
				PRODUCT_BUNDLE_IDENTIFIER = com.tomasberanek.guessword.guessword;
				PRODUCT_NAME = "$(TARGET_NAME)";
				SWIFT_EMIT_LOC_STRINGS = YES;
				SWIFT_VERSION = 5.0;
				TARGETED_DEVICE_FAMILY = "1,2";
			};
			name = Debug;
		};
		FCEBF10528CE0B540008F667 /* Release */ = {
			isa = XCBuildConfiguration;
			buildSettings = {
				ASSETCATALOG_COMPILER_APPICON_NAME = AppIcon;
				ASSETCATALOG_COMPILER_GLOBAL_ACCENT_COLOR_NAME = AccentColor;
				CODE_SIGN_STYLE = Automatic;
				CURRENT_PROJECT_VERSION = 1;
				DEVELOPMENT_ASSET_PATHS = "\"guessword/Preview Content\"";
				ENABLE_PREVIEWS = YES;
				GENERATE_INFOPLIST_FILE = YES;
				INFOPLIST_KEY_UIApplicationSceneManifest_Generation = YES;
				INFOPLIST_KEY_UIApplicationSupportsIndirectInputEvents = YES;
				INFOPLIST_KEY_UILaunchScreen_Generation = YES;
				INFOPLIST_KEY_UISupportedInterfaceOrientations_iPad = "UIInterfaceOrientationPortrait UIInterfaceOrientationPortraitUpsideDown UIInterfaceOrientationLandscapeLeft UIInterfaceOrientationLandscapeRight";
				INFOPLIST_KEY_UISupportedInterfaceOrientations_iPhone = "UIInterfaceOrientationPortrait UIInterfaceOrientationLandscapeLeft UIInterfaceOrientationLandscapeRight";
				LD_RUNPATH_SEARCH_PATHS = (
					"$(inherited)",
					"@executable_path/Frameworks",
				);
				MARKETING_VERSION = 1.0;
				PRODUCT_BUNDLE_IDENTIFIER = com.tomasberanek.guessword.guessword;
				PRODUCT_NAME = "$(TARGET_NAME)";
				SWIFT_EMIT_LOC_STRINGS = YES;
				SWIFT_VERSION = 5.0;
				TARGETED_DEVICE_FAMILY = "1,2";
			};
			name = Release;
		};
		FCEBF10728CE0B540008F667 /* Debug */ = {
			isa = XCBuildConfiguration;
			buildSettings = {
				ALWAYS_EMBED_SWIFT_STANDARD_LIBRARIES = YES;
				BUNDLE_LOADER = "$(TEST_HOST)";
				CODE_SIGN_STYLE = Automatic;
				CURRENT_PROJECT_VERSION = 1;
				GENERATE_INFOPLIST_FILE = YES;
				IPHONEOS_DEPLOYMENT_TARGET = 15.5;
				MARKETING_VERSION = 1.0;
				PRODUCT_BUNDLE_IDENTIFIER = com.tomasberanek.guessword.guesswordTests;
				PRODUCT_NAME = "$(TARGET_NAME)";
				SWIFT_EMIT_LOC_STRINGS = NO;
				SWIFT_VERSION = 5.0;
				TARGETED_DEVICE_FAMILY = "1,2";
				TEST_HOST = "$(BUILT_PRODUCTS_DIR)/guessword.app/guessword";
			};
			name = Debug;
		};
		FCEBF10828CE0B540008F667 /* Release */ = {
			isa = XCBuildConfiguration;
			buildSettings = {
				ALWAYS_EMBED_SWIFT_STANDARD_LIBRARIES = YES;
				BUNDLE_LOADER = "$(TEST_HOST)";
				CODE_SIGN_STYLE = Automatic;
				CURRENT_PROJECT_VERSION = 1;
				GENERATE_INFOPLIST_FILE = YES;
				IPHONEOS_DEPLOYMENT_TARGET = 15.5;
				MARKETING_VERSION = 1.0;
				PRODUCT_BUNDLE_IDENTIFIER = com.tomasberanek.guessword.guesswordTests;
				PRODUCT_NAME = "$(TARGET_NAME)";
				SWIFT_EMIT_LOC_STRINGS = NO;
				SWIFT_VERSION = 5.0;
				TARGETED_DEVICE_FAMILY = "1,2";
				TEST_HOST = "$(BUILT_PRODUCTS_DIR)/guessword.app/guessword";
			};
			name = Release;
		};
		FCEBF10A28CE0B540008F667 /* Debug */ = {
			isa = XCBuildConfiguration;
			buildSettings = {
				ALWAYS_EMBED_SWIFT_STANDARD_LIBRARIES = YES;
				CODE_SIGN_STYLE = Automatic;
				CURRENT_PROJECT_VERSION = 1;
				GENERATE_INFOPLIST_FILE = YES;
				MARKETING_VERSION = 1.0;
				PRODUCT_BUNDLE_IDENTIFIER = com.tomasberanek.guessword.guesswordUITests;
				PRODUCT_NAME = "$(TARGET_NAME)";
				SWIFT_EMIT_LOC_STRINGS = NO;
				SWIFT_VERSION = 5.0;
				TARGETED_DEVICE_FAMILY = "1,2";
				TEST_TARGET_NAME = guessword;
			};
			name = Debug;
		};
		FCEBF10B28CE0B540008F667 /* Release */ = {
			isa = XCBuildConfiguration;
			buildSettings = {
				ALWAYS_EMBED_SWIFT_STANDARD_LIBRARIES = YES;
				CODE_SIGN_STYLE = Automatic;
				CURRENT_PROJECT_VERSION = 1;
				GENERATE_INFOPLIST_FILE = YES;
				MARKETING_VERSION = 1.0;
				PRODUCT_BUNDLE_IDENTIFIER = com.tomasberanek.guessword.guesswordUITests;
				PRODUCT_NAME = "$(TARGET_NAME)";
				SWIFT_EMIT_LOC_STRINGS = NO;
				SWIFT_VERSION = 5.0;
				TARGETED_DEVICE_FAMILY = "1,2";
				TEST_TARGET_NAME = guessword;
			};
			name = Release;
		};
/* End XCBuildConfiguration section */

/* Begin XCConfigurationList section */
		FCEBF0DA28CE0B500008F667 /* Build configuration list for PBXProject "guessword" */ = {
			isa = XCConfigurationList;
			buildConfigurations = (
				FCEBF10128CE0B540008F667 /* Debug */,
				FCEBF10228CE0B540008F667 /* Release */,
			);
			defaultConfigurationIsVisible = 0;
			defaultConfigurationName = Release;
		};
		FCEBF10328CE0B540008F667 /* Build configuration list for PBXNativeTarget "guessword" */ = {
			isa = XCConfigurationList;
			buildConfigurations = (
				FCEBF10428CE0B540008F667 /* Debug */,
				FCEBF10528CE0B540008F667 /* Release */,
			);
			defaultConfigurationIsVisible = 0;
			defaultConfigurationName = Release;
		};
		FCEBF10628CE0B540008F667 /* Build configuration list for PBXNativeTarget "guesswordTests" */ = {
			isa = XCConfigurationList;
			buildConfigurations = (
				FCEBF10728CE0B540008F667 /* Debug */,
				FCEBF10828CE0B540008F667 /* Release */,
			);
			defaultConfigurationIsVisible = 0;
			defaultConfigurationName = Release;
		};
		FCEBF10928CE0B540008F667 /* Build configuration list for PBXNativeTarget "guesswordUITests" */ = {
			isa = XCConfigurationList;
			buildConfigurations = (
				FCEBF10A28CE0B540008F667 /* Debug */,
				FCEBF10B28CE0B540008F667 /* Release */,
			);
			defaultConfigurationIsVisible = 0;
			defaultConfigurationName = Release;
		};
/* End XCConfigurationList section */
	};
	rootObject = FCEBF0D728CE0B500008F667 /* Project object */;
}
